
Microsoft Visual Studio Solution File, Format Version 12.00
# Visual Studio 2013
VisualStudioVersion = 12.0.40629.0
MinimumVisualStudioVersion = 10.0.40219.1
Project("{FAE04EC0-301F-11D3-BF4B-00C04F79EFBC}") = "GPMS.FileSystem.WcfHost", "GPMS.FileSystem.WcfHost\GPMS.FileSystem.WcfHost.csproj", "{86ED187E-889C-4493-A252-9B554EFC5FF7}"
EndProject
Project("{FAE04EC0-301F-11D3-BF4B-00C04F79EFBC}") = "GPMS.Commnon.Utility", "Common\GPMS.Commnon.Utility\GPMS.Commnon.Utility.csproj", "{0E1ED30F-F2A1-455B-B560-D64FFFFCA454}"
EndProject
Global
	GlobalSection(SolutionConfigurationPlatforms) = preSolution
		Debug|Any CPU = Debug|Any CPU
		Release|Any CPU = Release|Any CPU
	EndGlobalSection
	GlobalSection(ProjectConfigurationPlatforms) = postSolution
		{86ED187E-889C-4493-A252-9B554EFC5FF7}.Debug|Any CPU.ActiveCfg = Debug|Any CPU
		{86ED187E-889C-4493-A252-9B554EFC5FF7}.Debug|Any CPU.Build.0 = Debug|Any CPU
		{86ED187E-889C-4493-A252-9B554EFC5FF7}.Release|Any CPU.ActiveCfg = Release|Any CPU
		{86ED187E-889C-4493-A252-9B554EFC5FF7}.Release|Any CPU.Build.0 = Release|Any CPU
		{0E1ED30F-F2A1-455B-B560-D64FFFFCA454}.Debug|Any CPU.ActiveCfg = Debug|Any CPU
		{0E1ED30F-F2A1-455B-B560-D64FFFFCA454}.Debug|Any CPU.Build.0 = Debug|Any CPU
		{0E1ED30F-F2A1-455B-B560-D64FFFFCA454}.Release|Any CPU.ActiveCfg = Release|Any CPU
		{0E1ED30F-F2A1-455B-B560-D64FFFFCA454}.Release|Any CPU.Build.0 = Release|Any CPU
	EndGlobalSection
	GlobalSection(SolutionProperties) = preSolution
		HideSolutionNode = FALSE
	EndGlobalSection
EndGlobal
