
Microsoft Visual Studio Solution File, Format Version 12.00
# Visual Studio 2013
VisualStudioVersion = 12.0.40629.0
MinimumVisualStudioVersion = 10.0.40219.1
Project("{FAE04EC0-301F-11D3-BF4B-00C04F79EFBC}") = "GPMS.Core.WebData", "GPMS.Core.WebData\GPMS.Core.WebData.csproj", "{0315E364-A3F4-4889-9AE4-E3104E49BF0F}"
EndProject
Project("{2150E333-8FDC-42A3-9474-1A3956D46DE8}") = "Repositories", "Repositories", "{9CFE9095-39E2-4177-B611-3FA9D33B8D8C}"
EndProject
Project("{2150E333-8FDC-42A3-9474-1A3956D46DE8}") = "Common", "Common", "{863F0416-2CAA-42A8-BC3A-DD5ABED2AA56}"
EndProject
Project("{2150E333-8FDC-42A3-9474-1A3956D46DE8}") = "UI", "UI", "{0034A781-A24E-4F6C-8066-20B8DD8243E6}"
EndProject
Project("{2150E333-8FDC-42A3-9474-1A3956D46DE8}") = "Services", "Services", "{A2062046-7B29-4D19-9911-B9D569C42829}"
EndProject
Project("{FAE04EC0-301F-11D3-BF4B-00C04F79EFBC}") = "GPMS.Commnon.Utility", "Common\GPMS.Commnon.Utility\GPMS.Commnon.Utility.csproj", "{0E1ED30F-F2A1-455B-B560-D64FFFFCA454}"
EndProject
Project("{FAE04EC0-301F-11D3-BF4B-00C04F79EFBC}") = "GPMS.Core.Entities", "Common\GPMS.Core.Entities\GPMS.Core.Entities.csproj", "{93E597D7-B8EC-4E10-8709-69D96C2ABED4}"
EndProject
Project("{FAE04EC0-301F-11D3-BF4B-00C04F79EFBC}") = "GPMS.Setting", "Common\GPMS.Core.Setting\GPMS.Setting.csproj", "{8E163FFA-6EC1-440F-A67E-AFAD7F0C24E8}"
EndProject
Project("{2150E333-8FDC-42A3-9474-1A3956D46DE8}") = "Test", "Test", "{DDD6A24E-0A78-4A8A-BDD5-D534AECF725F}"
EndProject
Project("{FAE04EC0-301F-11D3-BF4B-00C04F79EFBC}") = "GPMS.Core.IRepositories", "Repositories\GPMS.Core.IRepositories\GPMS.Core.IRepositories.csproj", "{042092FF-6CF3-4848-B285-3F6FCEA62BFF}"
EndProject
Project("{FAE04EC0-301F-11D3-BF4B-00C04F79EFBC}") = "GPMS.Core.Mapping", "Repositories\GPMS.Core.Mapping\GPMS.Core.Mapping.csproj", "{76BD5AA7-D6B6-4A32-AC0E-3D91FDD83194}"
EndProject
Project("{FAE04EC0-301F-11D3-BF4B-00C04F79EFBC}") = "GPMS.Core.Repositories", "Repositories\GPMS.Core.Repositories\GPMS.Core.Repositories.csproj", "{688F1F2F-358E-488F-AA2B-CD6712FA51FB}"
EndProject
Project("{FAE04EC0-301F-11D3-BF4B-00C04F79EFBC}") = "GPMS.Core.IServices", "Services\GPMS.Core.IServices\GPMS.Core.IServices.csproj", "{534B7783-04CF-45BA-8234-2560F6FFEF31}"
EndProject
Project("{FAE04EC0-301F-11D3-BF4B-00C04F79EFBC}") = "GPMS.Core.Services", "Services\GPMS.Core.Services\GPMS.Core.Services.csproj", "{AF29A4CF-0E43-49DA-AD4F-144C079A1D3D}"
EndProject
Project("{FAE04EC0-301F-11D3-BF4B-00C04F79EFBC}") = "GPMS.Web.Tests", "Test\GPMS.Web.Tests\GPMS.Web.Tests.csproj", "{408C7226-7CD3-4CD4-A544-5DA071C8EF72}"
EndProject
Project("{FAE04EC0-301F-11D3-BF4B-00C04F79EFBC}") = "GPMS.Web", "UI\GPMS.Web\GPMS.Web.csproj", "{40830AD8-F9AF-463B-AEE8-56E1A77EBC5B}"
EndProject
Project("{2150E333-8FDC-42A3-9474-1A3956D46DE8}") = ".nuget", ".nuget", "{D31809C2-48A8-45BE-B808-B3F4F13A9AB4}"
	ProjectSection(SolutionItems) = preProject
		.nuget\NuGet.Config = .nuget\NuGet.Config
		.nuget\NuGet.exe = .nuget\NuGet.exe
		.nuget\NuGet.targets = .nuget\NuGet.targets
	EndProjectSection
EndProject
Project("{FAE04EC0-301F-11D3-BF4B-00C04F79EFBC}") = "GPMS.Manager", "UI\GPMS.Manager\GPMS.Manager.csproj", "{DF2CE306-0255-4F24-8662-6CD7F953701F}"
EndProject
Global
	GlobalSection(SolutionConfigurationPlatforms) = preSolution
		Debug|Any CPU = Debug|Any CPU
		Release|Any CPU = Release|Any CPU
	EndGlobalSection
	GlobalSection(ProjectConfigurationPlatforms) = postSolution
		{0315E364-A3F4-4889-9AE4-E3104E49BF0F}.Debug|Any CPU.ActiveCfg = Debug|Any CPU
		{0315E364-A3F4-4889-9AE4-E3104E49BF0F}.Debug|Any CPU.Build.0 = Debug|Any CPU
		{0315E364-A3F4-4889-9AE4-E3104E49BF0F}.Release|Any CPU.ActiveCfg = Release|Any CPU
		{0315E364-A3F4-4889-9AE4-E3104E49BF0F}.Release|Any CPU.Build.0 = Release|Any CPU
		{0E1ED30F-F2A1-455B-B560-D64FFFFCA454}.Debug|Any CPU.ActiveCfg = Debug|Any CPU
		{0E1ED30F-F2A1-455B-B560-D64FFFFCA454}.Debug|Any CPU.Build.0 = Debug|Any CPU
		{0E1ED30F-F2A1-455B-B560-D64FFFFCA454}.Release|Any CPU.ActiveCfg = Release|Any CPU
		{0E1ED30F-F2A1-455B-B560-D64FFFFCA454}.Release|Any CPU.Build.0 = Release|Any CPU
		{93E597D7-B8EC-4E10-8709-69D96C2ABED4}.Debug|Any CPU.ActiveCfg = Debug|Any CPU
		{93E597D7-B8EC-4E10-8709-69D96C2ABED4}.Debug|Any CPU.Build.0 = Debug|Any CPU
		{93E597D7-B8EC-4E10-8709-69D96C2ABED4}.Release|Any CPU.ActiveCfg = Release|Any CPU
		{93E597D7-B8EC-4E10-8709-69D96C2ABED4}.Release|Any CPU.Build.0 = Release|Any CPU
		{8E163FFA-6EC1-440F-A67E-AFAD7F0C24E8}.Debug|Any CPU.ActiveCfg = Debug|Any CPU
		{8E163FFA-6EC1-440F-A67E-AFAD7F0C24E8}.Debug|Any CPU.Build.0 = Debug|Any CPU
		{8E163FFA-6EC1-440F-A67E-AFAD7F0C24E8}.Release|Any CPU.ActiveCfg = Release|Any CPU
		{8E163FFA-6EC1-440F-A67E-AFAD7F0C24E8}.Release|Any CPU.Build.0 = Release|Any CPU
		{042092FF-6CF3-4848-B285-3F6FCEA62BFF}.Debug|Any CPU.ActiveCfg = Debug|Any CPU
		{042092FF-6CF3-4848-B285-3F6FCEA62BFF}.Debug|Any CPU.Build.0 = Debug|Any CPU
		{042092FF-6CF3-4848-B285-3F6FCEA62BFF}.Release|Any CPU.ActiveCfg = Release|Any CPU
		{042092FF-6CF3-4848-B285-3F6FCEA62BFF}.Release|Any CPU.Build.0 = Release|Any CPU
		{76BD5AA7-D6B6-4A32-AC0E-3D91FDD83194}.Debug|Any CPU.ActiveCfg = Debug|Any CPU
		{76BD5AA7-D6B6-4A32-AC0E-3D91FDD83194}.Debug|Any CPU.Build.0 = Debug|Any CPU
		{76BD5AA7-D6B6-4A32-AC0E-3D91FDD83194}.Release|Any CPU.ActiveCfg = Release|Any CPU
		{76BD5AA7-D6B6-4A32-AC0E-3D91FDD83194}.Release|Any CPU.Build.0 = Release|Any CPU
		{688F1F2F-358E-488F-AA2B-CD6712FA51FB}.Debug|Any CPU.ActiveCfg = Debug|Any CPU
		{688F1F2F-358E-488F-AA2B-CD6712FA51FB}.Debug|Any CPU.Build.0 = Debug|Any CPU
		{688F1F2F-358E-488F-AA2B-CD6712FA51FB}.Release|Any CPU.ActiveCfg = Release|Any CPU
		{688F1F2F-358E-488F-AA2B-CD6712FA51FB}.Release|Any CPU.Build.0 = Release|Any CPU
		{534B7783-04CF-45BA-8234-2560F6FFEF31}.Debug|Any CPU.ActiveCfg = Debug|Any CPU
		{534B7783-04CF-45BA-8234-2560F6FFEF31}.Debug|Any CPU.Build.0 = Debug|Any CPU
		{534B7783-04CF-45BA-8234-2560F6FFEF31}.Release|Any CPU.ActiveCfg = Release|Any CPU
		{534B7783-04CF-45BA-8234-2560F6FFEF31}.Release|Any CPU.Build.0 = Release|Any CPU
		{AF29A4CF-0E43-49DA-AD4F-144C079A1D3D}.Debug|Any CPU.ActiveCfg = Debug|Any CPU
		{AF29A4CF-0E43-49DA-AD4F-144C079A1D3D}.Debug|Any CPU.Build.0 = Debug|Any CPU
		{AF29A4CF-0E43-49DA-AD4F-144C079A1D3D}.Release|Any CPU.ActiveCfg = Release|Any CPU
		{AF29A4CF-0E43-49DA-AD4F-144C079A1D3D}.Release|Any CPU.Build.0 = Release|Any CPU
		{408C7226-7CD3-4CD4-A544-5DA071C8EF72}.Debug|Any CPU.ActiveCfg = Debug|Any CPU
		{408C7226-7CD3-4CD4-A544-5DA071C8EF72}.Debug|Any CPU.Build.0 = Debug|Any CPU
		{408C7226-7CD3-4CD4-A544-5DA071C8EF72}.Release|Any CPU.ActiveCfg = Release|Any CPU
		{408C7226-7CD3-4CD4-A544-5DA071C8EF72}.Release|Any CPU.Build.0 = Release|Any CPU
		{40830AD8-F9AF-463B-AEE8-56E1A77EBC5B}.Debug|Any CPU.ActiveCfg = Debug|Any CPU
		{40830AD8-F9AF-463B-AEE8-56E1A77EBC5B}.Debug|Any CPU.Build.0 = Debug|Any CPU
		{40830AD8-F9AF-463B-AEE8-56E1A77EBC5B}.Release|Any CPU.ActiveCfg = Release|Any CPU
		{40830AD8-F9AF-463B-AEE8-56E1A77EBC5B}.Release|Any CPU.Build.0 = Release|Any CPU
		{DF2CE306-0255-4F24-8662-6CD7F953701F}.Debug|Any CPU.ActiveCfg = Debug|Any CPU
		{DF2CE306-0255-4F24-8662-6CD7F953701F}.Debug|Any CPU.Build.0 = Debug|Any CPU
		{DF2CE306-0255-4F24-8662-6CD7F953701F}.Release|Any CPU.ActiveCfg = Release|Any CPU
		{DF2CE306-0255-4F24-8662-6CD7F953701F}.Release|Any CPU.Build.0 = Release|Any CPU
	EndGlobalSection
	GlobalSection(SolutionProperties) = preSolution
		HideSolutionNode = FALSE
	EndGlobalSection
	GlobalSection(NestedProjects) = preSolution
		{0E1ED30F-F2A1-455B-B560-D64FFFFCA454} = {863F0416-2CAA-42A8-BC3A-DD5ABED2AA56}
		{93E597D7-B8EC-4E10-8709-69D96C2ABED4} = {863F0416-2CAA-42A8-BC3A-DD5ABED2AA56}
		{8E163FFA-6EC1-440F-A67E-AFAD7F0C24E8} = {863F0416-2CAA-42A8-BC3A-DD5ABED2AA56}
		{042092FF-6CF3-4848-B285-3F6FCEA62BFF} = {9CFE9095-39E2-4177-B611-3FA9D33B8D8C}
		{76BD5AA7-D6B6-4A32-AC0E-3D91FDD83194} = {9CFE9095-39E2-4177-B611-3FA9D33B8D8C}
		{688F1F2F-358E-488F-AA2B-CD6712FA51FB} = {9CFE9095-39E2-4177-B611-3FA9D33B8D8C}
		{534B7783-04CF-45BA-8234-2560F6FFEF31} = {A2062046-7B29-4D19-9911-B9D569C42829}
		{AF29A4CF-0E43-49DA-AD4F-144C079A1D3D} = {A2062046-7B29-4D19-9911-B9D569C42829}
		{408C7226-7CD3-4CD4-A544-5DA071C8EF72} = {DDD6A24E-0A78-4A8A-BDD5-D534AECF725F}
		{40830AD8-F9AF-463B-AEE8-56E1A77EBC5B} = {0034A781-A24E-4F6C-8066-20B8DD8243E6}
		{DF2CE306-0255-4F24-8662-6CD7F953701F} = {0034A781-A24E-4F6C-8066-20B8DD8243E6}
	EndGlobalSection
EndGlobal
