
Microsoft Visual Studio Solution File, Format Version 12.00
# Visual Studio 2013
VisualStudioVersion = 12.0.21005.1
MinimumVisualStudioVersion = 10.0.40219.1
Project("{FAE04EC0-301F-11D3-BF4B-00C04F79EFBC}") = "GPMS.Web", "GPMS.Web\GPMS.Web.csproj", "{40830AD8-F9AF-463B-AEE8-56E1A77EBC5B}"
EndProject
Project("{FAE04EC0-301F-11D3-BF4B-00C04F79EFBC}") = "GPMS.Web.Tests", "GPMS.Web.Tests\GPMS.Web.Tests.csproj", "{408C7226-7CD3-4CD4-A544-5DA071C8EF72}"
EndProject
Global
	GlobalSection(SolutionConfigurationPlatforms) = preSolution
		Debug|Any CPU = Debug|Any CPU
		Release|Any CPU = Release|Any CPU
	EndGlobalSection
	GlobalSection(ProjectConfigurationPlatforms) = postSolution
		{40830AD8-F9AF-463B-AEE8-56E1A77EBC5B}.Debug|Any CPU.ActiveCfg = Debug|Any CPU
		{40830AD8-F9AF-463B-AEE8-56E1A77EBC5B}.Debug|Any CPU.Build.0 = Debug|Any CPU
		{40830AD8-F9AF-463B-AEE8-56E1A77EBC5B}.Release|Any CPU.ActiveCfg = Release|Any CPU
		{40830AD8-F9AF-463B-AEE8-56E1A77EBC5B}.Release|Any CPU.Build.0 = Release|Any CPU
		{408C7226-7CD3-4CD4-A544-5DA071C8EF72}.Debug|Any CPU.ActiveCfg = Debug|Any CPU
		{408C7226-7CD3-4CD4-A544-5DA071C8EF72}.Debug|Any CPU.Build.0 = Debug|Any CPU
		{408C7226-7CD3-4CD4-A544-5DA071C8EF72}.Release|Any CPU.ActiveCfg = Release|Any CPU
		{408C7226-7CD3-4CD4-A544-5DA071C8EF72}.Release|Any CPU.Build.0 = Release|Any CPU
	EndGlobalSection
	GlobalSection(SolutionProperties) = preSolution
		HideSolutionNode = FALSE
	EndGlobalSection
EndGlobal
